
Microsoft Visual Studio Solution File, Format Version 12.00
# Visual Studio Version 18
VisualStudioVersion = 18.4.11605.240 stable
MinimumVisualStudioVersion = 10.0.40219.1
Project("{FAE04EC0-301F-11D3-BF4B-00C04F79EFBC}") = "heinrich_polak_4D_aspnet_2", "heinrich_polak_4D_aspnet_2\heinrich_polak_4D_aspnet_2.csproj", "{3BE5BA12-5D05-4BD8-8F09-4760C870A615}"
EndProject
Project("{FAE04EC0-301F-11D3-BF4B-00C04F79EFBC}") = "UserApp.DataLayer", "UserApp.DataLayer\UserApp.DataLayer.csproj", "{5A9BAEDA-13C9-40F8-B344-0F2F5424A4FB}"
EndProject
Project("{FAE04EC0-301F-11D3-BF4B-00C04F79EFBC}") = "BusinessLayer", "BusenissLayer\BusinessLayer.csproj", "{3824391E-1FC6-4DC4-ABE5-01A1722F93B7}"
EndProject
Project("{FAE04EC0-301F-11D3-BF4B-00C04F79EFBC}") = "Common", "Common\Common.csproj", "{C1F477BC-617D-46BA-A68D-42443B3AD758}"
EndProject
Project("{2150E333-8FDC-42A3-9474-1A3956D46DE8}") = "Solution Items", "Solution Items", "{8EC462FD-D22E-90A8-E5CE-7E832BA40C5D}"
	ProjectSection(SolutionItems) = preProject
		entity.txt = entity.txt
	EndProjectSection
EndProject
Project("{FAE04EC0-301F-11D3-BF4B-00C04F79EFBC}") = "ProjectAPI", "ProjectAPI\ProjectAPI.csproj", "{7CD988A3-72B0-42CF-A189-1ED19B67FF7E}"
EndProject
Global
	GlobalSection(SolutionConfigurationPlatforms) = preSolution
		Debug|Any CPU = Debug|Any CPU
		Release|Any CPU = Release|Any CPU
	EndGlobalSection
	GlobalSection(ProjectConfigurationPlatforms) = postSolution
		{3BE5BA12-5D05-4BD8-8F09-4760C870A615}.Debug|Any CPU.ActiveCfg = Debug|Any CPU
		{3BE5BA12-5D05-4BD8-8F09-4760C870A615}.Debug|Any CPU.Build.0 = Debug|Any CPU
		{3BE5BA12-5D05-4BD8-8F09-4760C870A615}.Release|Any CPU.ActiveCfg = Release|Any CPU
		{3BE5BA12-5D05-4BD8-8F09-4760C870A615}.Release|Any CPU.Build.0 = Release|Any CPU
		{5A9BAEDA-13C9-40F8-B344-0F2F5424A4FB}.Debug|Any CPU.ActiveCfg = Debug|Any CPU
		{5A9BAEDA-13C9-40F8-B344-0F2F5424A4FB}.Debug|Any CPU.Build.0 = Debug|Any CPU
		{5A9BAEDA-13C9-40F8-B344-0F2F5424A4FB}.Release|Any CPU.ActiveCfg = Release|Any CPU
		{5A9BAEDA-13C9-40F8-B344-0F2F5424A4FB}.Release|Any CPU.Build.0 = Release|Any CPU
		{3824391E-1FC6-4DC4-ABE5-01A1722F93B7}.Debug|Any CPU.ActiveCfg = Debug|Any CPU
		{3824391E-1FC6-4DC4-ABE5-01A1722F93B7}.Debug|Any CPU.Build.0 = Debug|Any CPU
		{3824391E-1FC6-4DC4-ABE5-01A1722F93B7}.Release|Any CPU.ActiveCfg = Release|Any CPU
		{3824391E-1FC6-4DC4-ABE5-01A1722F93B7}.Release|Any CPU.Build.0 = Release|Any CPU
		{C1F477BC-617D-46BA-A68D-42443B3AD758}.Debug|Any CPU.ActiveCfg = Debug|Any CPU
		{C1F477BC-617D-46BA-A68D-42443B3AD758}.Debug|Any CPU.Build.0 = Debug|Any CPU
		{C1F477BC-617D-46BA-A68D-42443B3AD758}.Release|Any CPU.ActiveCfg = Release|Any CPU
		{C1F477BC-617D-46BA-A68D-42443B3AD758}.Release|Any CPU.Build.0 = Release|Any CPU
		{7CD988A3-72B0-42CF-A189-1ED19B67FF7E}.Debug|Any CPU.ActiveCfg = Debug|Any CPU
		{7CD988A3-72B0-42CF-A189-1ED19B67FF7E}.Debug|Any CPU.Build.0 = Debug|Any CPU
		{7CD988A3-72B0-42CF-A189-1ED19B67FF7E}.Release|Any CPU.ActiveCfg = Release|Any CPU
		{7CD988A3-72B0-42CF-A189-1ED19B67FF7E}.Release|Any CPU.Build.0 = Release|Any CPU
	EndGlobalSection
	GlobalSection(SolutionProperties) = preSolution
		HideSolutionNode = FALSE
	EndGlobalSection
	GlobalSection(ExtensibilityGlobals) = postSolution
		SolutionGuid = {9D952F4B-EFA2-4BBB-8244-A5DBC6E9FCBE}
	EndGlobalSection
EndGlobal
